
Microsoft Visual Studio Solution File, Format Version 12.00
# Visual Studio 14
VisualStudioVersion = 14.0.25420.1
MinimumVisualStudioVersion = 10.0.40219.1
Project("{FAE04EC0-301F-11D3-BF4B-00C04F79EFBC}") = "ServiceFabricClient", "ServiceFabricClient\ServiceFabricClient.csproj", "{60A5F74F-9C15-4DC2-B9CE-FA0A2BDE7CD3}"
EndProject
Global
	GlobalSection(SolutionConfigurationPlatforms) = preSolution
		Debug|Any CPU = Debug|Any CPU
		Release|Any CPU = Release|Any CPU
	EndGlobalSection
	GlobalSection(ProjectConfigurationPlatforms) = postSolution
		{60A5F74F-9C15-4DC2-B9CE-FA0A2BDE7CD3}.Debug|Any CPU.ActiveCfg = Debug|Any CPU
		{60A5F74F-9C15-4DC2-B9CE-FA0A2BDE7CD3}.Debug|Any CPU.Build.0 = Debug|Any CPU
		{60A5F74F-9C15-4DC2-B9CE-FA0A2BDE7CD3}.Release|Any CPU.ActiveCfg = Release|Any CPU
		{60A5F74F-9C15-4DC2-B9CE-FA0A2BDE7CD3}.Release|Any CPU.Build.0 = Release|Any CPU
	EndGlobalSection
	GlobalSection(SolutionProperties) = preSolution
		HideSolutionNode = FALSE
	EndGlobalSection
EndGlobal
